// !$*UTF8*$!
{
	archiveVersion = 1;
	classes = {
	};
	objectVersion = 50;
	objects = {

/* Begin PBXBuildFile section */
		58DD3B6D2382FBF400F51DBC /* AppDelegate.swift in Sources */ = {isa = PBXBuildFile; fileRef = 58DD3B6C2382FBF400F51DBC /* AppDelegate.swift */; };
		58DD3B6F2382FBF400F51DBC /* SceneDelegate.swift in Sources */ = {isa = PBXBuildFile; fileRef = 58DD3B6E2382FBF400F51DBC /* SceneDelegate.swift */; };
		58DD3B712382FBF400F51DBC /* ViewController.swift in Sources */ = {isa = PBXBuildFile; fileRef = 58DD3B702382FBF400F51DBC /* ViewController.swift */; };
		58DD3B742382FBF400F51DBC /* Main.storyboard in Resources */ = {isa = PBXBuildFile; fileRef = 58DD3B722382FBF400F51DBC /* Main.storyboard */; };
		58DD3B762382FBF800F51DBC /* Assets.xcassets in Resources */ = {isa = PBXBuildFile; fileRef = 58DD3B752382FBF800F51DBC /* Assets.xcassets */; };
		58DD3B792382FBF800F51DBC /* LaunchScreen.storyboard in Resources */ = {isa = PBXBuildFile; fileRef = 58DD3B772382FBF800F51DBC /* LaunchScreen.storyboard */; };
		58DD3B842382FBF800F51DBC /* TicTacToeTests.swift in Sources */ = {isa = PBXBuildFile; fileRef = 58DD3B832382FBF800F51DBC /* TicTacToeTests.swift */; };
		58DD3B8F2382FBF900F51DBC /* TicTacToeUITests.swift in Sources */ = {isa = PBXBuildFile; fileRef = 58DD3B8E2382FBF900F51DBC /* TicTacToeUITests.swift */; };
/* End PBXBuildFile section */

/* Begin PBXContainerItemProxy section */
		58DD3B802382FBF800F51DBC /* PBXContainerItemProxy */ = {
			isa = PBXContainerItemProxy;
			containerPortal = 58DD3B612382FBF400F51DBC /* Project object */;
			proxyType = 1;
			remoteGlobalIDString = 58DD3B682382FBF400F51DBC;
			remoteInfo = TicTacToe;
		};
		58DD3B8B2382FBF900F51DBC /* PBXContainerItemProxy */ = {
			isa = PBXContainerItemProxy;
			containerPortal = 58DD3B612382FBF400F51DBC /* Project object */;
			proxyType = 1;
			remoteGlobalIDString = 58DD3B682382FBF400F51DBC;
			remoteInfo = TicTacToe;
		};
/* End PBXContainerItemProxy section */

/* Begin PBXFileReference section */
		58DD3B692382FBF400F51DBC /* TicTacToe.app */ = {isa = PBXFileReference; explicitFileType = wrapper.application; includeInIndex = 0; path = TicTacToe.app; sourceTree = BUILT_PRODUCTS_DIR; };
		58DD3B6C2382FBF400F51DBC /* AppDelegate.swift */ = {isa = PBXFileReference; lastKnownFileType = sourcecode.swift; path = AppDelegate.swift; sourceTree = "<group>"; };
		58DD3B6E2382FBF400F51DBC /* SceneDelegate.swift */ = {isa = PBXFileReference; lastKnownFileType = sourcecode.swift; path = SceneDelegate.swift; sourceTree = "<group>"; };
		58DD3B702382FBF400F51DBC /* ViewController.swift */ = {isa = PBXFileReference; lastKnownFileType = sourcecode.swift; path = ViewController.swift; sourceTree = "<group>"; };
		58DD3B732382FBF400F51DBC /* Base */ = {isa = PBXFileReference; lastKnownFileType = file.storyboard; name = Base; path = Base.lproj/Main.storyboard; sourceTree = "<group>"; };
		58DD3B752382FBF800F51DBC /* Assets.xcassets */ = {isa = PBXFileReference; lastKnownFileType = folder.assetcatalog; path = Assets.xcassets; sourceTree = "<group>"; };
		58DD3B782382FBF800F51DBC /* Base */ = {isa = PBXFileReference; lastKnownFileType = file.storyboard; name = Base; path = Base.lproj/LaunchScreen.storyboard; sourceTree = "<group>"; };
		58DD3B7A2382FBF800F51DBC /* Info.plist */ = {isa = PBXFileReference; lastKnownFileType = text.plist.xml; path = Info.plist; sourceTree = "<group>"; };
		58DD3B7F2382FBF800F51DBC /* TicTacToeTests.xctest */ = {isa = PBXFileReference; explicitFileType = wrapper.cfbundle; includeInIndex = 0; path = TicTacToeTests.xctest; sourceTree = BUILT_PRODUCTS_DIR; };
		58DD3B832382FBF800F51DBC /* TicTacToeTests.swift */ = {isa = PBXFileReference; lastKnownFileType = sourcecode.swift; path = TicTacToeTests.swift; sourceTree = "<group>"; };
		58DD3B852382FBF800F51DBC /* Info.plist */ = {isa = PBXFileReference; lastKnownFileType = text.plist.xml; path = Info.plist; sourceTree = "<group>"; };
		58DD3B8A2382FBF900F51DBC /* TicTacToeUITests.xctest */ = {isa = PBXFileReference; explicitFileType = wrapper.cfbundle; includeInIndex = 0; path = TicTacToeUITests.xctest; sourceTree = BUILT_PRODUCTS_DIR; };
		58DD3B8E2382FBF900F51DBC /* TicTacToeUITests.swift */ = {isa = PBXFileReference; lastKnownFileType = sourcecode.swift; path = TicTacToeUITests.swift; sourceTree = "<group>"; };
		58DD3B902382FBF900F51DBC /* Info.plist */ = {isa = PBXFileReference; lastKnownFileType = text.plist.xml; path = Info.plist; sourceTree = "<group>"; };
/* End PBXFileReference section */

/* Begin PBXFrameworksBuildPhase section */
		58DD3B662382FBF400F51DBC /* Frameworks */ = {
			isa = PBXFrameworksBuildPhase;
			buildActionMask = 2147483647;
			files = (
			);
			runOnlyForDeploymentPostprocessing = 0;
		};
		58DD3B7C2382FBF800F51DBC /* Frameworks */ = {
			isa = PBXFrameworksBuildPhase;
			buildActionMask = 2147483647;
			files = (
			);
			runOnlyForDeploymentPostprocessing = 0;
		};
		58DD3B872382FBF900F51DBC /* Frameworks */ = {
			isa = PBXFrameworksBuildPhase;
			buildActionMask = 2147483647;
			files = (
			);
			runOnlyForDeploymentPostprocessing = 0;
		};
/* End PBXFrameworksBuildPhase section */

/* Begin PBXGroup section */
		58DD3B602382FBF400F51DBC = {
			isa = PBXGroup;
			children = (
				58DD3B6B2382FBF400F51DBC /* TicTacToe */,
				58DD3B822382FBF800F51DBC /* TicTacToeTests */,
				58DD3B8D2382FBF900F51DBC /* TicTacToeUITests */,
				58DD3B6A2382FBF400F51DBC /* Products */,
			);
			sourceTree = "<group>";
		};
		58DD3B6A2382FBF400F51DBC /* Products */ = {
			isa = PBXGroup;
			children = (
				58DD3B692382FBF400F51DBC /* TicTacToe.app */,
				58DD3B7F2382FBF800F51DBC /* TicTacToeTests.xctest */,
				58DD3B8A2382FBF900F51DBC /* TicTacToeUITests.xctest */,
			);
			name = Products;
			sourceTree = "<group>";
		};
		58DD3B6B2382FBF400F51DBC /* TicTacToe */ = {
			isa = PBXGroup;
			children = (
				58DD3B6C2382FBF400F51DBC /* AppDelegate.swift */,
				58DD3B6E2382FBF400F51DBC /* SceneDelegate.swift */,
				58DD3B702382FBF400F51DBC /* ViewController.swift */,
				58DD3B722382FBF400F51DBC /* Main.storyboard */,
				58DD3B752382FBF800F51DBC /* Assets.xcassets */,
				58DD3B772382FBF800F51DBC /* LaunchScreen.storyboard */,
				58DD3B7A2382FBF800F51DBC /* Info.plist */,
			);
			path = TicTacToe;
			sourceTree = "<group>";
		};
		58DD3B822382FBF800F51DBC /* TicTacToeTests */ = {
			isa = PBXGroup;
			children = (
				58DD3B832382FBF800F51DBC /* TicTacToeTests.swift */,
				58DD3B852382FBF800F51DBC /* Info.plist */,
			);
			path = TicTacToeTests;
			sourceTree = "<group>";
		};
		58DD3B8D2382FBF900F51DBC /* TicTacToeUITests */ = {
			isa = PBXGroup;
			children = (
				58DD3B8E2382FBF900F51DBC /* TicTacToeUITests.swift */,
				58DD3B902382FBF900F51DBC /* Info.plist */,
			);
			path = TicTacToeUITests;
			sourceTree = "<group>";
		};
/* End PBXGroup section */

/* Begin PBXNativeTarget section */
		58DD3B682382FBF400F51DBC /* TicTacToe */ = {
			isa = PBXNativeTarget;
			buildConfigurationList = 58DD3B932382FBF900F51DBC /* Build configuration list for PBXNativeTarget "TicTacToe" */;
			buildPhases = (
				58DD3B652382FBF400F51DBC /* Sources */,
				58DD3B662382FBF400F51DBC /* Frameworks */,
				58DD3B672382FBF400F51DBC /* Resources */,
			);
			buildRules = (
			);
			dependencies = (
			);
			name = TicTacToe;
			productName = TicTacToe;
			productReference = 58DD3B692382FBF400F51DBC /* TicTacToe.app */;
			productType = "com.apple.product-type.application";
		};
		58DD3B7E2382FBF800F51DBC /* TicTacToeTests */ = {
			isa = PBXNativeTarget;
			buildConfigurationList = 58DD3B962382FBF900F51DBC /* Build configuration list for PBXNativeTarget "TicTacToeTests" */;
			buildPhases = (
				58DD3B7B2382FBF800F51DBC /* Sources */,
				58DD3B7C2382FBF800F51DBC /* Frameworks */,
				58DD3B7D2382FBF800F51DBC /* Resources */,
			);
			buildRules = (
			);
			dependencies = (
				58DD3B812382FBF800F51DBC /* PBXTargetDependency */,
			);
			name = TicTacToeTests;
			productName = TicTacToeTests;
			productReference = 58DD3B7F2382FBF800F51DBC /* TicTacToeTests.xctest */;
			productType = "com.apple.product-type.bundle.unit-test";
		};
		58DD3B892382FBF900F51DBC /* TicTacToeUITests */ = {
			isa = PBXNativeTarget;
			buildConfigurationList = 58DD3B992382FBF900F51DBC /* Build configuration list for PBXNativeTarget "TicTacToeUITests" */;
			buildPhases = (
				58DD3B862382FBF900F51DBC /* Sources */,
				58DD3B872382FBF900F51DBC /* Frameworks */,
				58DD3B882382FBF900F51DBC /* Resources */,
			);
			buildRules = (
			);
			dependencies = (
				58DD3B8C2382FBF900F51DBC /* PBXTargetDependency */,
			);
			name = TicTacToeUITests;
			productName = TicTacToeUITests;
			productReference = 58DD3B8A2382FBF900F51DBC /* TicTacToeUITests.xctest */;
			productType = "com.apple.product-type.bundle.ui-testing";
		};
/* End PBXNativeTarget section */

/* Begin PBXProject section */
		58DD3B612382FBF400F51DBC /* Project object */ = {
			isa = PBXProject;
			attributes = {
				LastSwiftUpdateCheck = 1110;
				LastUpgradeCheck = 1110;
				ORGANIZATIONNAME = mojo;
				TargetAttributes = {
					58DD3B682382FBF400F51DBC = {
						CreatedOnToolsVersion = 11.1;
					};
					58DD3B7E2382FBF800F51DBC = {
						CreatedOnToolsVersion = 11.1;
						TestTargetID = 58DD3B682382FBF400F51DBC;
					};
					58DD3B892382FBF900F51DBC = {
						CreatedOnToolsVersion = 11.1;
						TestTargetID = 58DD3B682382FBF400F51DBC;
					};
				};
			};
			buildConfigurationList = 58DD3B642382FBF400F51DBC /* Build configuration list for PBXProject "TicTacToe" */;
			compatibilityVersion = "Xcode 9.3";
			developmentRegion = en;
			hasScannedForEncodings = 0;
			knownRegions = (
				en,
				Base,
			);
			mainGroup = 58DD3B602382FBF400F51DBC;
			productRefGroup = 58DD3B6A2382FBF400F51DBC /* Products */;
			projectDirPath = "";
			projectRoot = "";
			targets = (
				58DD3B682382FBF400F51DBC /* TicTacToe */,
				58DD3B7E2382FBF800F51DBC /* TicTacToeTests */,
				58DD3B892382FBF900F51DBC /* TicTacToeUITests */,
			);
		};
/* End PBXProject section */

/* Begin PBXResourcesBuildPhase section */
		58DD3B672382FBF400F51DBC /* Resources */ = {
			isa = PBXResourcesBuildPhase;
			buildActionMask = 2147483647;
			files = (
				58DD3B792382FBF800F51DBC /* LaunchScreen.storyboard in Resources */,
				58DD3B762382FBF800F51DBC /* Assets.xcassets in Resources */,
				58DD3B742382FBF400F51DBC /* Main.storyboard in Resources */,
			);
			runOnlyForDeploymentPostprocessing = 0;
		};
		58DD3B7D2382FBF800F51DBC /* Resources */ = {
			isa = PBXResourcesBuildPhase;
			buildActionMask = 2147483647;
			files = (
			);
			runOnlyForDeploymentPostprocessing = 0;
		};
		58DD3B882382FBF900F51DBC /* Resources */ = {
			isa = PBXResourcesBuildPhase;
			buildActionMask = 2147483647;
			files = (
			);
			runOnlyForDeploymentPostprocessing = 0;
		};
/* End PBXResourcesBuildPhase section */

/* Begin PBXSourcesBuildPhase section */
		58DD3B652382FBF400F51DBC /* Sources */ = {
			isa = PBXSourcesBuildPhase;
			buildActionMask = 2147483647;
			files = (
				58DD3B712382FBF400F51DBC /* ViewController.swift in Sources */,
				58DD3B6D2382FBF400F51DBC /* AppDelegate.swift in Sources */,
				58DD3B6F2382FBF400F51DBC /* SceneDelegate.swift in Sources */,
			);
			runOnlyForDeploymentPostprocessing = 0;
		};
		58DD3B7B2382FBF800F51DBC /* Sources */ = {
			isa = PBXSourcesBuildPhase;
			buildActionMask = 2147483647;
			files = (
				58DD3B842382FBF800F51DBC /* TicTacToeTests.swift in Sources */,
			);
			runOnlyForDeploymentPostprocessing = 0;
		};
		58DD3B862382FBF900F51DBC /* Sources */ = {
			isa = PBXSourcesBuildPhase;
			buildActionMask = 2147483647;
			files = (
				58DD3B8F2382FBF900F51DBC /* TicTacToeUITests.swift in Sources */,
			);
			runOnlyForDeploymentPostprocessing = 0;
		};
/* End PBXSourcesBuildPhase section */

/* Begin PBXTargetDependency section */
		58DD3B812382FBF800F51DBC /* PBXTargetDependency */ = {
			isa = PBXTargetDependency;
			target = 58DD3B682382FBF400F51DBC /* TicTacToe */;
			targetProxy = 58DD3B802382FBF800F51DBC /* PBXContainerItemProxy */;
		};
		58DD3B8C2382FBF900F51DBC /* PBXTargetDependency */ = {
			isa = PBXTargetDependency;
			target = 58DD3B682382FBF400F51DBC /* TicTacToe */;
			targetProxy = 58DD3B8B2382FBF900F51DBC /* PBXContainerItemProxy */;
		};
/* End PBXTargetDependency section */

/* Begin PBXVariantGroup section */
		58DD3B722382FBF400F51DBC /* Main.storyboard */ = {
			isa = PBXVariantGroup;
			children = (
				58DD3B732382FBF400F51DBC /* Base */,
			);
			name = Main.storyboard;
			sourceTree = "<group>";
		};
		58DD3B772382FBF800F51DBC /* LaunchScreen.storyboard */ = {
			isa = PBXVariantGroup;
			children = (
				58DD3B782382FBF800F51DBC /* Base */,
			);
			name = LaunchScreen.storyboard;
			sourceTree = "<group>";
		};
/* End PBXVariantGroup section */

/* Begin XCBuildConfiguration section */
		58DD3B912382FBF900F51DBC /* Debug */ = {
			isa = XCBuildConfiguration;
			buildSettings = {
				ALWAYS_SEARCH_USER_PATHS = NO;
				CLANG_ANALYZER_NONNULL = YES;
				CLANG_ANALYZER_NUMBER_OBJECT_CONVERSION = YES_AGGRESSIVE;
				CLANG_CXX_LANGUAGE_STANDARD = "gnu++14";
				CLANG_CXX_LIBRARY = "libc++";
				CLANG_ENABLE_MODULES = YES;
				CLANG_ENABLE_OBJC_ARC = YES;
				CLANG_ENABLE_OBJC_WEAK = YES;
				CLANG_WARN_BLOCK_CAPTURE_AUTORELEASING = YES;
				CLANG_WARN_BOOL_CONVERSION = YES;
				CLANG_WARN_COMMA = YES;
				CLANG_WARN_CONSTANT_CONVERSION = YES;
				CLANG_WARN_DEPRECATED_OBJC_IMPLEMENTATIONS = YES;
				CLANG_WARN_DIRECT_OBJC_ISA_USAGE = YES_ERROR;
				CLANG_WARN_DOCUMENTATION_COMMENTS = YES;
				CLANG_WARN_EMPTY_BODY = YES;
				CLANG_WARN_ENUM_CONVERSION = YES;
				CLANG_WARN_INFINITE_RECURSION = YES;
				CLANG_WARN_INT_CONVERSION = YES;
				CLANG_WARN_NON_LITERAL_NULL_CONVERSION = YES;
				CLANG_WARN_OBJC_IMPLICIT_RETAIN_SELF = YES;
				CLANG_WARN_OBJC_LITERAL_CONVERSION = YES;
				CLANG_WARN_OBJC_ROOT_CLASS = YES_ERROR;
				CLANG_WARN_RANGE_LOOP_ANALYSIS = YES;
				CLANG_WARN_STRICT_PROTOTYPES = YES;
				CLANG_WARN_SUSPICIOUS_MOVE = YES;
				CLANG_WARN_UNGUARDED_AVAILABILITY = YES_AGGRESSIVE;
				CLANG_WARN_UNREACHABLE_CODE = YES;
				CLANG_WARN__DUPLICATE_METHOD_MATCH = YES;
				COPY_PHASE_STRIP = NO;
				DEBUG_INFORMATION_FORMAT = dwarf;
				ENABLE_STRICT_OBJC_MSGSEND = YES;
				ENABLE_TESTABILITY = YES;
				GCC_C_LANGUAGE_STANDARD = gnu11;
				GCC_DYNAMIC_NO_PIC = NO;
				GCC_NO_COMMON_BLOCKS = YES;
				GCC_OPTIMIZATION_LEVEL = 0;
				GCC_PREPROCESSOR_DEFINITIONS = (
					"DEBUG=1",
					"$(inherited)",
				);
				GCC_WARN_64_TO_32_BIT_CONVERSION = YES;
				GCC_WARN_ABOUT_RETURN_TYPE = YES_ERROR;
				GCC_WARN_UNDECLARED_SELECTOR = YES;
				GCC_WARN_UNINITIALIZED_AUTOS = YES_AGGRESSIVE;
				GCC_WARN_UNUSED_FUNCTION = YES;
				GCC_WARN_UNUSED_VARIABLE = YES;
				IPHONEOS_DEPLOYMENT_TARGET = 13.1;
				MTL_ENABLE_DEBUG_INFO = INCLUDE_SOURCE;
				MTL_FAST_MATH = YES;
				ONLY_ACTIVE_ARCH = YES;
				SDKROOT = iphoneos;
				SWIFT_ACTIVE_COMPILATION_CONDITIONS = DEBUG;
				SWIFT_OPTIMIZATION_LEVEL = "-Onone";
			};
			name = Debug;
		};
		58DD3B922382FBF900F51DBC /* Release */ = {
			isa = XCBuildConfiguration;
			buildSettings = {
				ALWAYS_SEARCH_USER_PATHS = NO;
				CLANG_ANALYZER_NONNULL = YES;
				CLANG_ANALYZER_NUMBER_OBJECT_CONVERSION = YES_AGGRESSIVE;
				CLANG_CXX_LANGUAGE_STANDARD = "gnu++14";
				CLANG_CXX_LIBRARY = "libc++";
				CLANG_ENABLE_MODULES = YES;
				CLANG_ENABLE_OBJC_ARC = YES;
				CLANG_ENABLE_OBJC_WEAK = YES;
				CLANG_WARN_BLOCK_CAPTURE_AUTORELEASING = YES;
				CLANG_WARN_BOOL_CONVERSION = YES;
				CLANG_WARN_COMMA = YES;
				CLANG_WARN_CONSTANT_CONVERSION = YES;
				CLANG_WARN_DEPRECATED_OBJC_IMPLEMENTATIONS = YES;
				CLANG_WARN_DIRECT_OBJC_ISA_USAGE = YES_ERROR;
				CLANG_WARN_DOCUMENTATION_COMMENTS = YES;
				CLANG_WARN_EMPTY_BODY = YES;
				CLANG_WARN_ENUM_CONVERSION = YES;
				CLANG_WARN_INFINITE_RECURSION = YES;
				CLANG_WARN_INT_CONVERSION = YES;
				CLANG_WARN_NON_LITERAL_NULL_CONVERSION = YES;
				CLANG_WARN_OBJC_IMPLICIT_RETAIN_SELF = YES;
				CLANG_WARN_OBJC_LITERAL_CONVERSION = YES;
				CLANG_WARN_OBJC_ROOT_CLASS = YES_ERROR;
				CLANG_WARN_RANGE_LOOP_ANALYSIS = YES;
				CLANG_WARN_STRICT_PROTOTYPES = YES;
				CLANG_WARN_SUSPICIOUS_MOVE = YES;
				CLANG_WARN_UNGUARDED_AVAILABILITY = YES_AGGRESSIVE;
				CLANG_WARN_UNREACHABLE_CODE = YES;
				CLANG_WARN__DUPLICATE_METHOD_MATCH = YES;
				COPY_PHASE_STRIP = NO;
				DEBUG_INFORMATION_FORMAT = "dwarf-with-dsym";
				ENABLE_NS_ASSERTIONS = NO;
				ENABLE_STRICT_OBJC_MSGSEND = YES;
				GCC_C_LANGUAGE_STANDARD = gnu11;
				GCC_NO_COMMON_BLOCKS = YES;
				GCC_WARN_64_TO_32_BIT_CONVERSION = YES;
				GCC_WARN_ABOUT_RETURN_TYPE = YES_ERROR;
				GCC_WARN_UNDECLARED_SELECTOR = YES;
				GCC_WARN_UNINITIALIZED_AUTOS = YES_AGGRESSIVE;
				GCC_WARN_UNUSED_FUNCTION = YES;
				GCC_WARN_UNUSED_VARIABLE = YES;
				IPHONEOS_DEPLOYMENT_TARGET = 13.1;
				MTL_ENABLE_DEBUG_INFO = NO;
				MTL_FAST_MATH = YES;
				SDKROOT = iphoneos;
				SWIFT_COMPILATION_MODE = wholemodule;
				SWIFT_OPTIMIZATION_LEVEL = "-O";
				VALIDATE_PRODUCT = YES;
			};
			name = Release;
		};
		58DD3B942382FBF900F51DBC /* Debug */ = {
			isa = XCBuildConfiguration;
			buildSettings = {
				ASSETCATALOG_COMPILER_APPICON_NAME = AppIcon;
				CODE_SIGN_STYLE = Automatic;
				DEVELOPMENT_TEAM = RD42WQ9VF6;
				INFOPLIST_FILE = TicTacToe/Info.plist;
				LD_RUNPATH_SEARCH_PATHS = (
					"$(inherited)",
					"@executable_path/Frameworks",
				);
				PRODUCT_BUNDLE_IDENTIFIER = AveryZ.TicTacToe;
				PRODUCT_NAME = "$(TARGET_NAME)";
				SWIFT_VERSION = 5.0;
				TARGETED_DEVICE_FAMILY = "1,2";
			};
			name = Debug;
		};
		58DD3B952382FBF900F51DBC /* Release */ = {
			isa = XCBuildConfiguration;
			buildSettings = {
				ASSETCATALOG_COMPILER_APPICON_NAME = AppIcon;
				CODE_SIGN_STYLE = Automatic;
				DEVELOPMENT_TEAM = RD42WQ9VF6;
				INFOPLIST_FILE = TicTacToe/Info.plist;
				LD_RUNPATH_SEARCH_PATHS = (
					"$(inherited)",
					"@executable_path/Frameworks",
				);
				PRODUCT_BUNDLE_IDENTIFIER = AveryZ.TicTacToe;
				PRODUCT_NAME = "$(TARGET_NAME)";
				SWIFT_VERSION = 5.0;
				TARGETED_DEVICE_FAMILY = "1,2";
			};
			name = Release;
		};
		58DD3B972382FBF900F51DBC /* Debug */ = {
			isa = XCBuildConfiguration;
			buildSettings = {
				ALWAYS_EMBED_SWIFT_STANDARD_LIBRARIES = YES;
				BUNDLE_LOADER = "$(TEST_HOST)";
				CODE_SIGN_STYLE = Automatic;
				DEVELOPMENT_TEAM = RD42WQ9VF6;
				INFOPLIST_FILE = TicTacToeTests/Info.plist;
				IPHONEOS_DEPLOYMENT_TARGET = 13.1;
				LD_RUNPATH_SEARCH_PATHS = (
					"$(inherited)",
					"@executable_path/Frameworks",
					"@loader_path/Frameworks",
				);
				PRODUCT_BUNDLE_IDENTIFIER = AveryZ.TicTacToeTests;
				PRODUCT_NAME = "$(TARGET_NAME)";
				SWIFT_VERSION = 5.0;
				TARGETED_DEVICE_FAMILY = "1,2";
				TEST_HOST = "$(BUILT_PRODUCTS_DIR)/TicTacToe.app/TicTacToe";
			};
			name = Debug;
		};
		58DD3B982382FBF900F51DBC /* Release */ = {
			isa = XCBuildConfiguration;
			buildSettings = {
				ALWAYS_EMBED_SWIFT_STANDARD_LIBRARIES = YES;
				BUNDLE_LOADER = "$(TEST_HOST)";
				CODE_SIGN_STYLE = Automatic;
				DEVELOPMENT_TEAM = RD42WQ9VF6;
				INFOPLIST_FILE = TicTacToeTests/Info.plist;
				IPHONEOS_DEPLOYMENT_TARGET = 13.1;
				LD_RUNPATH_SEARCH_PATHS = (
					"$(inherited)",
					"@executable_path/Frameworks",
					"@loader_path/Frameworks",
				);
				PRODUCT_BUNDLE_IDENTIFIER = AveryZ.TicTacToeTests;
				PRODUCT_NAME = "$(TARGET_NAME)";
				SWIFT_VERSION = 5.0;
				TARGETED_DEVICE_FAMILY = "1,2";
				TEST_HOST = "$(BUILT_PRODUCTS_DIR)/TicTacToe.app/TicTacToe";
			};
			name = Release;
		};
		58DD3B9A2382FBF900F51DBC /* Debug */ = {
			isa = XCBuildConfiguration;
			buildSettings = {
				ALWAYS_EMBED_SWIFT_STANDARD_LIBRARIES = YES;
				CODE_SIGN_STYLE = Automatic;
				DEVELOPMENT_TEAM = RD42WQ9VF6;
				INFOPLIST_FILE = TicTacToeUITests/Info.plist;
				LD_RUNPATH_SEARCH_PATHS = (
					"$(inherited)",
					"@executable_path/Frameworks",
					"@loader_path/Frameworks",
				);
				PRODUCT_BUNDLE_IDENTIFIER = AveryZ.TicTacToeUITests;
				PRODUCT_NAME = "$(TARGET_NAME)";
				SWIFT_VERSION = 5.0;
				TARGETED_DEVICE_FAMILY = "1,2";
				TEST_TARGET_NAME = TicTacToe;
			};
			name = Debug;
		};
		58DD3B9B2382FBF900F51DBC /* Release */ = {
			isa = XCBuildConfiguration;
			buildSettings = {
				ALWAYS_EMBED_SWIFT_STANDARD_LIBRARIES = YES;
				CODE_SIGN_STYLE = Automatic;
				DEVELOPMENT_TEAM = RD42WQ9VF6;
				INFOPLIST_FILE = TicTacToeUITests/Info.plist;
				LD_RUNPATH_SEARCH_PATHS = (
					"$(inherited)",
					"@executable_path/Frameworks",
					"@loader_path/Frameworks",
				);
				PRODUCT_BUNDLE_IDENTIFIER = AveryZ.TicTacToeUITests;
				PRODUCT_NAME = "$(TARGET_NAME)";
				SWIFT_VERSION = 5.0;
				TARGETED_DEVICE_FAMILY = "1,2";
				TEST_TARGET_NAME = TicTacToe;
			};
			name = Release;
		};
/* End XCBuildConfiguration section */

/* Begin XCConfigurationList section */
		58DD3B642382FBF400F51DBC /* Build configuration list for PBXProject "TicTacToe" */ = {
			isa = XCConfigurationList;
			buildConfigurations = (
				58DD3B912382FBF900F51DBC /* Debug */,
				58DD3B922382FBF900F51DBC /* Release */,
			);
			defaultConfigurationIsVisible = 0;
			defaultConfigurationName = Release;
		};
		58DD3B932382FBF900F51DBC /* Build configuration list for PBXNativeTarget "TicTacToe" */ = {
			isa = XCConfigurationList;
			buildConfigurations = (
				58DD3B942382FBF900F51DBC /* Debug */,
				58DD3B952382FBF900F51DBC /* Release */,
			);
			defaultConfigurationIsVisible = 0;
			defaultConfigurationName = Release;
		};
		58DD3B962382FBF900F51DBC /* Build configuration list for PBXNativeTarget "TicTacToeTests" */ = {
			isa = XCConfigurationList;
			buildConfigurations = (
				58DD3B972382FBF900F51DBC /* Debug */,
				58DD3B982382FBF900F51DBC /* Release */,
			);
			defaultConfigurationIsVisible = 0;
			defaultConfigurationName = Release;
		};
		58DD3B992382FBF900F51DBC /* Build configuration list for PBXNativeTarget "TicTacToeUITests" */ = {
			isa = XCConfigurationList;
			buildConfigurations = (
				58DD3B9A2382FBF900F51DBC /* Debug */,
				58DD3B9B2382FBF900F51DBC /* Release */,
			);
			defaultConfigurationIsVisible = 0;
			defaultConfigurationName = Release;
		};
/* End XCConfigurationList section */
	};
	rootObject = 58DD3B612382FBF400F51DBC /* Project object */;
}
